
Microsoft Visual Studio Solution File, Format Version 12.00
# Visual Studio Version 17
VisualStudioVersion = 17.1.32210.238
MinimumVisualStudioVersion = 10.0.40219.1
Project("{FAE04EC0-301F-11D3-BF4B-00C04F79EFBC}") = "NUMERO_INVERTIDO", "NUMERO_INVERTIDO\NUMERO_INVERTIDO.csproj", "{99494B60-7692-4AC3-9C4F-906626E6E0C9}"
EndProject
Global
	GlobalSection(SolutionConfigurationPlatforms) = preSolution
		Debug|Any CPU = Debug|Any CPU
		Release|Any CPU = Release|Any CPU
	EndGlobalSection
	GlobalSection(ProjectConfigurationPlatforms) = postSolution
		{99494B60-7692-4AC3-9C4F-906626E6E0C9}.Debug|Any CPU.ActiveCfg = Debug|Any CPU
		{99494B60-7692-4AC3-9C4F-906626E6E0C9}.Debug|Any CPU.Build.0 = Debug|Any CPU
		{99494B60-7692-4AC3-9C4F-906626E6E0C9}.Release|Any CPU.ActiveCfg = Release|Any CPU
		{99494B60-7692-4AC3-9C4F-906626E6E0C9}.Release|Any CPU.Build.0 = Release|Any CPU
	EndGlobalSection
	GlobalSection(SolutionProperties) = preSolution
		HideSolutionNode = FALSE
	EndGlobalSection
	GlobalSection(ExtensibilityGlobals) = postSolution
		SolutionGuid = {E71913D1-F987-4270-9BA0-725C0A082907}
	EndGlobalSection
EndGlobal
