
Microsoft Visual Studio Solution File, Format Version 12.00
# Visual Studio Version 17
VisualStudioVersion = 17.1.32210.238
MinimumVisualStudioVersion = 10.0.40219.1
Project("{FAE04EC0-301F-11D3-BF4B-00C04F79EFBC}") = "OPERACIONES_CON_SUMAS", "OPERACIONES_CON_SUMAS\OPERACIONES_CON_SUMAS.csproj", "{1C26BE76-D0BD-4670-BE59-BEB435D370DD}"
EndProject
Global
	GlobalSection(SolutionConfigurationPlatforms) = preSolution
		Debug|Any CPU = Debug|Any CPU
		Release|Any CPU = Release|Any CPU
	EndGlobalSection
	GlobalSection(ProjectConfigurationPlatforms) = postSolution
		{1C26BE76-D0BD-4670-BE59-BEB435D370DD}.Debug|Any CPU.ActiveCfg = Debug|Any CPU
		{1C26BE76-D0BD-4670-BE59-BEB435D370DD}.Debug|Any CPU.Build.0 = Debug|Any CPU
		{1C26BE76-D0BD-4670-BE59-BEB435D370DD}.Release|Any CPU.ActiveCfg = Release|Any CPU
		{1C26BE76-D0BD-4670-BE59-BEB435D370DD}.Release|Any CPU.Build.0 = Release|Any CPU
	EndGlobalSection
	GlobalSection(SolutionProperties) = preSolution
		HideSolutionNode = FALSE
	EndGlobalSection
	GlobalSection(ExtensibilityGlobals) = postSolution
		SolutionGuid = {04FBAB91-8287-4EB2-AC77-7E17D7DAAB94}
	EndGlobalSection
EndGlobal
