
Microsoft Visual Studio Solution File, Format Version 12.00
# Visual Studio Version 17
VisualStudioVersion = 17.1.32210.238
MinimumVisualStudioVersion = 10.0.40219.1
Project("{FAE04EC0-301F-11D3-BF4B-00C04F79EFBC}") = "DECIMAL_A_BINARIO", "DECIMAL_A_BINARIO\DECIMAL_A_BINARIO.csproj", "{6738F8B8-D60F-4806-BA74-C8BCAC857243}"
EndProject
Global
	GlobalSection(SolutionConfigurationPlatforms) = preSolution
		Debug|Any CPU = Debug|Any CPU
		Release|Any CPU = Release|Any CPU
	EndGlobalSection
	GlobalSection(ProjectConfigurationPlatforms) = postSolution
		{6738F8B8-D60F-4806-BA74-C8BCAC857243}.Debug|Any CPU.ActiveCfg = Debug|Any CPU
		{6738F8B8-D60F-4806-BA74-C8BCAC857243}.Debug|Any CPU.Build.0 = Debug|Any CPU
		{6738F8B8-D60F-4806-BA74-C8BCAC857243}.Release|Any CPU.ActiveCfg = Release|Any CPU
		{6738F8B8-D60F-4806-BA74-C8BCAC857243}.Release|Any CPU.Build.0 = Release|Any CPU
	EndGlobalSection
	GlobalSection(SolutionProperties) = preSolution
		HideSolutionNode = FALSE
	EndGlobalSection
	GlobalSection(ExtensibilityGlobals) = postSolution
		SolutionGuid = {69F08CF6-9268-453F-9296-8B90A5EA2DD2}
	EndGlobalSection
EndGlobal
