
Microsoft Visual Studio Solution File, Format Version 12.00
# Visual Studio Version 17
VisualStudioVersion = 17.1.32210.238
MinimumVisualStudioVersion = 10.0.40219.1
Project("{FAE04EC0-301F-11D3-BF4B-00C04F79EFBC}") = "PRACTICA NUM6.1", "PRACTICA NUM6.1\PRACTICA NUM6.1.csproj", "{FF3CE41E-BFF8-46AE-B550-1F7EFDA30C9D}"
EndProject
Global
	GlobalSection(SolutionConfigurationPlatforms) = preSolution
		Debug|Any CPU = Debug|Any CPU
		Release|Any CPU = Release|Any CPU
	EndGlobalSection
	GlobalSection(ProjectConfigurationPlatforms) = postSolution
		{FF3CE41E-BFF8-46AE-B550-1F7EFDA30C9D}.Debug|Any CPU.ActiveCfg = Debug|Any CPU
		{FF3CE41E-BFF8-46AE-B550-1F7EFDA30C9D}.Debug|Any CPU.Build.0 = Debug|Any CPU
		{FF3CE41E-BFF8-46AE-B550-1F7EFDA30C9D}.Release|Any CPU.ActiveCfg = Release|Any CPU
		{FF3CE41E-BFF8-46AE-B550-1F7EFDA30C9D}.Release|Any CPU.Build.0 = Release|Any CPU
	EndGlobalSection
	GlobalSection(SolutionProperties) = preSolution
		HideSolutionNode = FALSE
	EndGlobalSection
	GlobalSection(ExtensibilityGlobals) = postSolution
		SolutionGuid = {8220090B-7467-460D-BAF0-4D65153764C9}
	EndGlobalSection
EndGlobal
